{
  "requires": true,
  "lockfileVersion": 1,
  "dependencies": {
    "@babel/runtime": {
      "version": "7.14.8",
      "resolved": "https://registry.nlark.com/@babel/runtime/download/@babel/runtime-7.14.8.tgz?cache=0&sync_timestamp=1626804296663&other_urls=https%3A%2F%2Fregistry.nlark.com%2F%40babel%2Fruntime%2Fdownload%2F%40babel%2Fruntime-7.14.8.tgz",
      "integrity": "sha1-cRmlb0IQGIUmlCkLn5FICXORtEY=",
      "requires": {
        "regenerator-runtime": "^0.13.4"
      }
    },
    "mini-ali-ui-rpx": {
      "version": "1.3.8",
      "resolved": "https://registry.nlark.com/mini-ali-ui-rpx/download/mini-ali-ui-rpx-1.3.8.tgz",
      "integrity": "sha1-qF6Dg557kcvaCpyOrjDklk3Jrvs=",
      "requires": {
        "@babel/runtime": "^7.11.2"
      }
    },
    "regenerator-runtime": {
      "version": "0.13.9",
      "resolved": "https://registry.nlark.com/regenerator-runtime/download/regenerator-runtime-0.13.9.tgz?cache=0&sync_timestamp=1626992969133&other_urls=https%3A%2F%2Fregistry.nlark.com%2Fregenerator-runtime%2Fdownload%2Fregenerator-runtime-0.13.9.tgz",
      "integrity": "sha1-iSV0Kpj/2QgUmI11Zq0wyjsmO1I="
    }
  }
}
